
Microsoft Visual Studio Solution File, Format Version 12.00
# Visual Studio Version 16
VisualStudioVersion = 16.0.30717.126
MinimumVisualStudioVersion = 10.0.40219.1
Project("{FAE04EC0-301F-11D3-BF4B-00C04F79EFBC}") = "Algorithms", "Algorithms.csproj", "{C7B8C873-366E-4704-8D86-72BB4ECF0463}"
EndProject
Global
	GlobalSection(SolutionConfigurationPlatforms) = preSolution
		Debug|Any CPU = Debug|Any CPU
		Release|Any CPU = Release|Any CPU
	EndGlobalSection
	GlobalSection(ProjectConfigurationPlatforms) = postSolution
		{C7B8C873-366E-4704-8D86-72BB4ECF0463}.Debug|Any CPU.ActiveCfg = Debug|Any CPU
		{C7B8C873-366E-4704-8D86-72BB4ECF0463}.Debug|Any CPU.Build.0 = Debug|Any CPU
		{C7B8C873-366E-4704-8D86-72BB4ECF0463}.Release|Any CPU.ActiveCfg = Release|Any CPU
		{C7B8C873-366E-4704-8D86-72BB4ECF0463}.Release|Any CPU.Build.0 = Release|Any CPU
	EndGlobalSection
	GlobalSection(SolutionProperties) = preSolution
		HideSolutionNode = FALSE
	EndGlobalSection
	GlobalSection(ExtensibilityGlobals) = postSolution
		SolutionGuid = {05F606E5-FD39-484B-AFB5-C204D86CD026}
	EndGlobalSection
EndGlobal
